
Microsoft Visual Studio Solution File, Format Version 12.00
# Visual Studio Version 16
VisualStudioVersion = 16.0.29613.14
MinimumVisualStudioVersion = 10.0.40219.1
Project("{FAE04EC0-301F-11D3-BF4B-00C04F79EFBC}") = "ReservationSystem", "ReservationSystem\ReservationSystem.csproj", "{3BD7B498-281B-41A7-9D4F-9CA948640135}"
EndProject
Global
	GlobalSection(SolutionConfigurationPlatforms) = preSolution
		Debug|Any CPU = Debug|Any CPU
		Release|Any CPU = Release|Any CPU
	EndGlobalSection
	GlobalSection(ProjectConfigurationPlatforms) = postSolution
		{3BD7B498-281B-41A7-9D4F-9CA948640135}.Debug|Any CPU.ActiveCfg = Debug|Any CPU
		{3BD7B498-281B-41A7-9D4F-9CA948640135}.Debug|Any CPU.Build.0 = Debug|Any CPU
		{3BD7B498-281B-41A7-9D4F-9CA948640135}.Release|Any CPU.ActiveCfg = Release|Any CPU
		{3BD7B498-281B-41A7-9D4F-9CA948640135}.Release|Any CPU.Build.0 = Release|Any CPU
	EndGlobalSection
	GlobalSection(SolutionProperties) = preSolution
		HideSolutionNode = FALSE
	EndGlobalSection
	GlobalSection(ExtensibilityGlobals) = postSolution
		SolutionGuid = {75D55D80-56FE-4499-B820-C47852CF04DE}
	EndGlobalSection
EndGlobal
