
Microsoft Visual Studio Solution File, Format Version 12.00
# Visual Studio Version 16
VisualStudioVersion = 16.0.29806.167
MinimumVisualStudioVersion = 10.0.40219.1
Project("{FAE04EC0-301F-11D3-BF4B-00C04F79EFBC}") = "ReservationSystem", "ReservationSystem\ReservationSystem.csproj", "{2591170F-4621-43E7-B34F-7BE2975F14A8}"
EndProject
Project("{FAE04EC0-301F-11D3-BF4B-00C04F79EFBC}") = "ReservationSystem.Tests", "ReservationSystem.Tests\ReservationSystem.Tests.csproj", "{79502252-B169-465C-AFD8-3C98238212CE}"
EndProject
Global
	GlobalSection(SolutionConfigurationPlatforms) = preSolution
		Debug|Any CPU = Debug|Any CPU
		Release|Any CPU = Release|Any CPU
	EndGlobalSection
	GlobalSection(ProjectConfigurationPlatforms) = postSolution
		{2591170F-4621-43E7-B34F-7BE2975F14A8}.Debug|Any CPU.ActiveCfg = Debug|Any CPU
		{2591170F-4621-43E7-B34F-7BE2975F14A8}.Debug|Any CPU.Build.0 = Debug|Any CPU
		{2591170F-4621-43E7-B34F-7BE2975F14A8}.Release|Any CPU.ActiveCfg = Release|Any CPU
		{2591170F-4621-43E7-B34F-7BE2975F14A8}.Release|Any CPU.Build.0 = Release|Any CPU
		{79502252-B169-465C-AFD8-3C98238212CE}.Debug|Any CPU.ActiveCfg = Debug|Any CPU
		{79502252-B169-465C-AFD8-3C98238212CE}.Debug|Any CPU.Build.0 = Debug|Any CPU
		{79502252-B169-465C-AFD8-3C98238212CE}.Release|Any CPU.ActiveCfg = Release|Any CPU
		{79502252-B169-465C-AFD8-3C98238212CE}.Release|Any CPU.Build.0 = Release|Any CPU
	EndGlobalSection
	GlobalSection(SolutionProperties) = preSolution
		HideSolutionNode = FALSE
	EndGlobalSection
	GlobalSection(ExtensibilityGlobals) = postSolution
		SolutionGuid = {96524E31-32E5-4C1A-93CE-38F3664CA06C}
	EndGlobalSection
EndGlobal
